
Microsoft Visual Studio Solution File, Format Version 12.00
# Visual Studio Version 17
VisualStudioVersion = 17.0.32112.339
MinimumVisualStudioVersion = 10.0.40219.1
Project("{9A19103F-16F7-4668-BE54-9A1E7A4F7556}") = "SecureDev.HomeWork", "SecureDev.HomeWork\SecureDev.HomeWork.csproj", "{6AB8F687-4036-4D57-B32F-219B5FBB93A7}"
EndProject
Project("{9A19103F-16F7-4668-BE54-9A1E7A4F7556}") = "Common", "Common\Common.csproj", "{91B274B0-E620-419A-A440-0DDFDAF923F8}"
EndProject
Project("{FAE04EC0-301F-11D3-BF4B-00C04F79EFBC}") = "ProgramLogic", "ProgramLogic\ProgramLogic.csproj", "{BAB679D6-0C01-4ECE-B2E7-2B06F14ACA12}"
EndProject
Global
	GlobalSection(SolutionConfigurationPlatforms) = preSolution
		Debug|Any CPU = Debug|Any CPU
		Release|Any CPU = Release|Any CPU
	EndGlobalSection
	GlobalSection(ProjectConfigurationPlatforms) = postSolution
		{6AB8F687-4036-4D57-B32F-219B5FBB93A7}.Debug|Any CPU.ActiveCfg = Debug|Any CPU
		{6AB8F687-4036-4D57-B32F-219B5FBB93A7}.Debug|Any CPU.Build.0 = Debug|Any CPU
		{6AB8F687-4036-4D57-B32F-219B5FBB93A7}.Release|Any CPU.ActiveCfg = Release|Any CPU
		{6AB8F687-4036-4D57-B32F-219B5FBB93A7}.Release|Any CPU.Build.0 = Release|Any CPU
		{91B274B0-E620-419A-A440-0DDFDAF923F8}.Debug|Any CPU.ActiveCfg = Debug|Any CPU
		{91B274B0-E620-419A-A440-0DDFDAF923F8}.Debug|Any CPU.Build.0 = Debug|Any CPU
		{91B274B0-E620-419A-A440-0DDFDAF923F8}.Release|Any CPU.ActiveCfg = Release|Any CPU
		{91B274B0-E620-419A-A440-0DDFDAF923F8}.Release|Any CPU.Build.0 = Release|Any CPU
		{BAB679D6-0C01-4ECE-B2E7-2B06F14ACA12}.Debug|Any CPU.ActiveCfg = Debug|Any CPU
		{BAB679D6-0C01-4ECE-B2E7-2B06F14ACA12}.Debug|Any CPU.Build.0 = Debug|Any CPU
		{BAB679D6-0C01-4ECE-B2E7-2B06F14ACA12}.Release|Any CPU.ActiveCfg = Release|Any CPU
		{BAB679D6-0C01-4ECE-B2E7-2B06F14ACA12}.Release|Any CPU.Build.0 = Release|Any CPU
	EndGlobalSection
	GlobalSection(SolutionProperties) = preSolution
		HideSolutionNode = FALSE
	EndGlobalSection
	GlobalSection(ExtensibilityGlobals) = postSolution
		SolutionGuid = {95643FAE-2D1C-40A2-BABF-47577C36250C}
	EndGlobalSection
EndGlobal
